// !$*UTF8*$!
{
	archiveVersion = 1;
	classes = {
	};
	objectVersion = 56;
	objects = {

/* Begin PBXBuildFile section */
		9B944837298BEF72005C924A /* DependencyInjectionTestApp.swift in Sources */ = {isa = PBXBuildFile; fileRef = 9B944836298BEF72005C924A /* DependencyInjectionTestApp.swift */; };
		9B944839298BEF72005C924A /* ContentView.swift in Sources */ = {isa = PBXBuildFile; fileRef = 9B944838298BEF72005C924A /* ContentView.swift */; };
		9B94483B298BEF73005C924A /* Assets.xcassets in Resources */ = {isa = PBXBuildFile; fileRef = 9B94483A298BEF73005C924A /* Assets.xcassets */; };
		9B94483F298BEF73005C924A /* Preview Assets.xcassets in Resources */ = {isa = PBXBuildFile; fileRef = 9B94483E298BEF73005C924A /* Preview Assets.xcassets */; };
		9B944849298BEF73005C924A /* DependencyInjectionTestTests.swift in Sources */ = {isa = PBXBuildFile; fileRef = 9B944848298BEF73005C924A /* DependencyInjectionTestTests.swift */; };
		9B944853298BEF73005C924A /* DependencyInjectionTestUITests.swift in Sources */ = {isa = PBXBuildFile; fileRef = 9B944852298BEF73005C924A /* DependencyInjectionTestUITests.swift */; };
		9B944855298BEF73005C924A /* DependencyInjectionTestUITestsLaunchTests.swift in Sources */ = {isa = PBXBuildFile; fileRef = 9B944854298BEF73005C924A /* DependencyInjectionTestUITestsLaunchTests.swift */; };
/* End PBXBuildFile section */

/* Begin PBXContainerItemProxy section */
		9B944845298BEF73005C924A /* PBXContainerItemProxy */ = {
			isa = PBXContainerItemProxy;
			containerPortal = 9B94482B298BEF72005C924A /* Project object */;
			proxyType = 1;
			remoteGlobalIDString = 9B944832298BEF72005C924A;
			remoteInfo = DependencyInjectionTest;
		};
		9B94484F298BEF73005C924A /* PBXContainerItemProxy */ = {
			isa = PBXContainerItemProxy;
			containerPortal = 9B94482B298BEF72005C924A /* Project object */;
			proxyType = 1;
			remoteGlobalIDString = 9B944832298BEF72005C924A;
			remoteInfo = DependencyInjectionTest;
		};
/* End PBXContainerItemProxy section */

/* Begin PBXFileReference section */
		9B944833298BEF72005C924A /* DependencyInjectionTest.app */ = {isa = PBXFileReference; explicitFileType = wrapper.application; includeInIndex = 0; path = DependencyInjectionTest.app; sourceTree = BUILT_PRODUCTS_DIR; };
		9B944836298BEF72005C924A /* DependencyInjectionTestApp.swift */ = {isa = PBXFileReference; lastKnownFileType = sourcecode.swift; path = DependencyInjectionTestApp.swift; sourceTree = "<group>"; };
		9B944838298BEF72005C924A /* ContentView.swift */ = {isa = PBXFileReference; lastKnownFileType = sourcecode.swift; path = ContentView.swift; sourceTree = "<group>"; };
		9B94483A298BEF73005C924A /* Assets.xcassets */ = {isa = PBXFileReference; lastKnownFileType = folder.assetcatalog; path = Assets.xcassets; sourceTree = "<group>"; };
		9B94483C298BEF73005C924A /* DependencyInjectionTest.entitlements */ = {isa = PBXFileReference; lastKnownFileType = text.plist.entitlements; path = DependencyInjectionTest.entitlements; sourceTree = "<group>"; };
		9B94483E298BEF73005C924A /* Preview Assets.xcassets */ = {isa = PBXFileReference; lastKnownFileType = folder.assetcatalog; path = "Preview Assets.xcassets"; sourceTree = "<group>"; };
		9B944844298BEF73005C924A /* DependencyInjectionTestTests.xctest */ = {isa = PBXFileReference; explicitFileType = wrapper.cfbundle; includeInIndex = 0; path = DependencyInjectionTestTests.xctest; sourceTree = BUILT_PRODUCTS_DIR; };
		9B944848298BEF73005C924A /* DependencyInjectionTestTests.swift */ = {isa = PBXFileReference; lastKnownFileType = sourcecode.swift; path = DependencyInjectionTestTests.swift; sourceTree = "<group>"; };
		9B94484E298BEF73005C924A /* DependencyInjectionTestUITests.xctest */ = {isa = PBXFileReference; explicitFileType = wrapper.cfbundle; includeInIndex = 0; path = DependencyInjectionTestUITests.xctest; sourceTree = BUILT_PRODUCTS_DIR; };
		9B944852298BEF73005C924A /* DependencyInjectionTestUITests.swift */ = {isa = PBXFileReference; lastKnownFileType = sourcecode.swift; path = DependencyInjectionTestUITests.swift; sourceTree = "<group>"; };
		9B944854298BEF73005C924A /* DependencyInjectionTestUITestsLaunchTests.swift */ = {isa = PBXFileReference; lastKnownFileType = sourcecode.swift; path = DependencyInjectionTestUITestsLaunchTests.swift; sourceTree = "<group>"; };
/* End PBXFileReference section */

/* Begin PBXFrameworksBuildPhase section */
		9B944830298BEF72005C924A /* Frameworks */ = {
			isa = PBXFrameworksBuildPhase;
			buildActionMask = 2147483647;
			files = (
			);
			runOnlyForDeploymentPostprocessing = 0;
		};
		9B944841298BEF73005C924A /* Frameworks */ = {
			isa = PBXFrameworksBuildPhase;
			buildActionMask = 2147483647;
			files = (
			);
			runOnlyForDeploymentPostprocessing = 0;
		};
		9B94484B298BEF73005C924A /* Frameworks */ = {
			isa = PBXFrameworksBuildPhase;
			buildActionMask = 2147483647;
			files = (
			);
			runOnlyForDeploymentPostprocessing = 0;
		};
/* End PBXFrameworksBuildPhase section */

/* Begin PBXGroup section */
		9B94482A298BEF72005C924A = {
			isa = PBXGroup;
			children = (
				9B944835298BEF72005C924A /* DependencyInjectionTest */,
				9B944847298BEF73005C924A /* DependencyInjectionTestTests */,
				9B944851298BEF73005C924A /* DependencyInjectionTestUITests */,
				9B944834298BEF72005C924A /* Products */,
			);
			sourceTree = "<group>";
		};
		9B944834298BEF72005C924A /* Products */ = {
			isa = PBXGroup;
			children = (
				9B944833298BEF72005C924A /* DependencyInjectionTest.app */,
				9B944844298BEF73005C924A /* DependencyInjectionTestTests.xctest */,
				9B94484E298BEF73005C924A /* DependencyInjectionTestUITests.xctest */,
			);
			name = Products;
			sourceTree = "<group>";
		};
		9B944835298BEF72005C924A /* DependencyInjectionTest */ = {
			isa = PBXGroup;
			children = (
				9B944836298BEF72005C924A /* DependencyInjectionTestApp.swift */,
				9B944838298BEF72005C924A /* ContentView.swift */,
				9B94483A298BEF73005C924A /* Assets.xcassets */,
				9B94483C298BEF73005C924A /* DependencyInjectionTest.entitlements */,
				9B94483D298BEF73005C924A /* Preview Content */,
			);
			path = DependencyInjectionTest;
			sourceTree = "<group>";
		};
		9B94483D298BEF73005C924A /* Preview Content */ = {
			isa = PBXGroup;
			children = (
				9B94483E298BEF73005C924A /* Preview Assets.xcassets */,
			);
			path = "Preview Content";
			sourceTree = "<group>";
		};
		9B944847298BEF73005C924A /* DependencyInjectionTestTests */ = {
			isa = PBXGroup;
			children = (
				9B944848298BEF73005C924A /* DependencyInjectionTestTests.swift */,
			);
			path = DependencyInjectionTestTests;
			sourceTree = "<group>";
		};
		9B944851298BEF73005C924A /* DependencyInjectionTestUITests */ = {
			isa = PBXGroup;
			children = (
				9B944852298BEF73005C924A /* DependencyInjectionTestUITests.swift */,
				9B944854298BEF73005C924A /* DependencyInjectionTestUITestsLaunchTests.swift */,
			);
			path = DependencyInjectionTestUITests;
			sourceTree = "<group>";
		};
/* End PBXGroup section */

/* Begin PBXNativeTarget section */
		9B944832298BEF72005C924A /* DependencyInjectionTest */ = {
			isa = PBXNativeTarget;
			buildConfigurationList = 9B944858298BEF73005C924A /* Build configuration list for PBXNativeTarget "DependencyInjectionTest" */;
			buildPhases = (
				9B94482F298BEF72005C924A /* Sources */,
				9B944830298BEF72005C924A /* Frameworks */,
				9B944831298BEF72005C924A /* Resources */,
			);
			buildRules = (
			);
			dependencies = (
			);
			name = DependencyInjectionTest;
			productName = DependencyInjectionTest;
			productReference = 9B944833298BEF72005C924A /* DependencyInjectionTest.app */;
			productType = "com.apple.product-type.application";
		};
		9B944843298BEF73005C924A /* DependencyInjectionTestTests */ = {
			isa = PBXNativeTarget;
			buildConfigurationList = 9B94485B298BEF73005C924A /* Build configuration list for PBXNativeTarget "DependencyInjectionTestTests" */;
			buildPhases = (
				9B944840298BEF73005C924A /* Sources */,
				9B944841298BEF73005C924A /* Frameworks */,
				9B944842298BEF73005C924A /* Resources */,
			);
			buildRules = (
			);
			dependencies = (
				9B944846298BEF73005C924A /* PBXTargetDependency */,
			);
			name = DependencyInjectionTestTests;
			productName = DependencyInjectionTestTests;
			productReference = 9B944844298BEF73005C924A /* DependencyInjectionTestTests.xctest */;
			productType = "com.apple.product-type.bundle.unit-test";
		};
		9B94484D298BEF73005C924A /* DependencyInjectionTestUITests */ = {
			isa = PBXNativeTarget;
			buildConfigurationList = 9B94485E298BEF73005C924A /* Build configuration list for PBXNativeTarget "DependencyInjectionTestUITests" */;
			buildPhases = (
				9B94484A298BEF73005C924A /* Sources */,
				9B94484B298BEF73005C924A /* Frameworks */,
				9B94484C298BEF73005C924A /* Resources */,
			);
			buildRules = (
			);
			dependencies = (
				9B944850298BEF73005C924A /* PBXTargetDependency */,
			);
			name = DependencyInjectionTestUITests;
			productName = DependencyInjectionTestUITests;
			productReference = 9B94484E298BEF73005C924A /* DependencyInjectionTestUITests.xctest */;
			productType = "com.apple.product-type.bundle.ui-testing";
		};
/* End PBXNativeTarget section */

/* Begin PBXProject section */
		9B94482B298BEF72005C924A /* Project object */ = {
			isa = PBXProject;
			attributes = {
				BuildIndependentTargetsInParallel = 1;
				LastSwiftUpdateCheck = 1420;
				LastUpgradeCheck = 1420;
				TargetAttributes = {
					9B944832298BEF72005C924A = {
						CreatedOnToolsVersion = 14.2;
					};
					9B944843298BEF73005C924A = {
						CreatedOnToolsVersion = 14.2;
						TestTargetID = 9B944832298BEF72005C924A;
					};
					9B94484D298BEF73005C924A = {
						CreatedOnToolsVersion = 14.2;
						TestTargetID = 9B944832298BEF72005C924A;
					};
				};
			};
			buildConfigurationList = 9B94482E298BEF72005C924A /* Build configuration list for PBXProject "DependencyInjectionTest" */;
			compatibilityVersion = "Xcode 14.0";
			developmentRegion = en;
			hasScannedForEncodings = 0;
			knownRegions = (
				en,
				Base,
			);
			mainGroup = 9B94482A298BEF72005C924A;
			productRefGroup = 9B944834298BEF72005C924A /* Products */;
			projectDirPath = "";
			projectRoot = "";
			targets = (
				9B944832298BEF72005C924A /* DependencyInjectionTest */,
				9B944843298BEF73005C924A /* DependencyInjectionTestTests */,
				9B94484D298BEF73005C924A /* DependencyInjectionTestUITests */,
			);
		};
/* End PBXProject section */

/* Begin PBXResourcesBuildPhase section */
		9B944831298BEF72005C924A /* Resources */ = {
			isa = PBXResourcesBuildPhase;
			buildActionMask = 2147483647;
			files = (
				9B94483F298BEF73005C924A /* Preview Assets.xcassets in Resources */,
				9B94483B298BEF73005C924A /* Assets.xcassets in Resources */,
			);
			runOnlyForDeploymentPostprocessing = 0;
		};
		9B944842298BEF73005C924A /* Resources */ = {
			isa = PBXResourcesBuildPhase;
			buildActionMask = 2147483647;
			files = (
			);
			runOnlyForDeploymentPostprocessing = 0;
		};
		9B94484C298BEF73005C924A /* Resources */ = {
			isa = PBXResourcesBuildPhase;
			buildActionMask = 2147483647;
			files = (
			);
			runOnlyForDeploymentPostprocessing = 0;
		};
/* End PBXResourcesBuildPhase section */

/* Begin PBXSourcesBuildPhase section */
		9B94482F298BEF72005C924A /* Sources */ = {
			isa = PBXSourcesBuildPhase;
			buildActionMask = 2147483647;
			files = (
				9B944839298BEF72005C924A /* ContentView.swift in Sources */,
				9B944837298BEF72005C924A /* DependencyInjectionTestApp.swift in Sources */,
			);
			runOnlyForDeploymentPostprocessing = 0;
		};
		9B944840298BEF73005C924A /* Sources */ = {
			isa = PBXSourcesBuildPhase;
			buildActionMask = 2147483647;
			files = (
				9B944849298BEF73005C924A /* DependencyInjectionTestTests.swift in Sources */,
			);
			runOnlyForDeploymentPostprocessing = 0;
		};
		9B94484A298BEF73005C924A /* Sources */ = {
			isa = PBXSourcesBuildPhase;
			buildActionMask = 2147483647;
			files = (
				9B944853298BEF73005C924A /* DependencyInjectionTestUITests.swift in Sources */,
				9B944855298BEF73005C924A /* DependencyInjectionTestUITestsLaunchTests.swift in Sources */,
			);
			runOnlyForDeploymentPostprocessing = 0;
		};
/* End PBXSourcesBuildPhase section */

/* Begin PBXTargetDependency section */
		9B944846298BEF73005C924A /* PBXTargetDependency */ = {
			isa = PBXTargetDependency;
			target = 9B944832298BEF72005C924A /* DependencyInjectionTest */;
			targetProxy = 9B944845298BEF73005C924A /* PBXContainerItemProxy */;
		};
		9B944850298BEF73005C924A /* PBXTargetDependency */ = {
			isa = PBXTargetDependency;
			target = 9B944832298BEF72005C924A /* DependencyInjectionTest */;
			targetProxy = 9B94484F298BEF73005C924A /* PBXContainerItemProxy */;
		};
/* End PBXTargetDependency section */

/* Begin XCBuildConfiguration section */
		9B944856298BEF73005C924A /* Debug */ = {
			isa = XCBuildConfiguration;
			buildSettings = {
				ALWAYS_SEARCH_USER_PATHS = NO;
				CLANG_ANALYZER_NONNULL = YES;
				CLANG_ANALYZER_NUMBER_OBJECT_CONVERSION = YES_AGGRESSIVE;
				CLANG_CXX_LANGUAGE_STANDARD = "gnu++20";
				CLANG_ENABLE_MODULES = YES;
				CLANG_ENABLE_OBJC_ARC = YES;
				CLANG_ENABLE_OBJC_WEAK = YES;
				CLANG_WARN_BLOCK_CAPTURE_AUTORELEASING = YES;
				CLANG_WARN_BOOL_CONVERSION = YES;
				CLANG_WARN_COMMA = YES;
				CLANG_WARN_CONSTANT_CONVERSION = YES;
				CLANG_WARN_DEPRECATED_OBJC_IMPLEMENTATIONS = YES;
				CLANG_WARN_DIRECT_OBJC_ISA_USAGE = YES_ERROR;
				CLANG_WARN_DOCUMENTATION_COMMENTS = YES;
				CLANG_WARN_EMPTY_BODY = YES;
				CLANG_WARN_ENUM_CONVERSION = YES;
				CLANG_WARN_INFINITE_RECURSION = YES;
				CLANG_WARN_INT_CONVERSION = YES;
				CLANG_WARN_NON_LITERAL_NULL_CONVERSION = YES;
				CLANG_WARN_OBJC_IMPLICIT_RETAIN_SELF = YES;
				CLANG_WARN_OBJC_LITERAL_CONVERSION = YES;
				CLANG_WARN_OBJC_ROOT_CLASS = YES_ERROR;
				CLANG_WARN_QUOTED_INCLUDE_IN_FRAMEWORK_HEADER = YES;
				CLANG_WARN_RANGE_LOOP_ANALYSIS = YES;
				CLANG_WARN_STRICT_PROTOTYPES = YES;
				CLANG_WARN_SUSPICIOUS_MOVE = YES;
				CLANG_WARN_UNGUARDED_AVAILABILITY = YES_AGGRESSIVE;
				CLANG_WARN_UNREACHABLE_CODE = YES;
				CLANG_WARN__DUPLICATE_METHOD_MATCH = YES;
				COPY_PHASE_STRIP = NO;
				DEBUG_INFORMATION_FORMAT = dwarf;
				ENABLE_STRICT_OBJC_MSGSEND = YES;
				ENABLE_TESTABILITY = YES;
				GCC_C_LANGUAGE_STANDARD = gnu11;
				GCC_DYNAMIC_NO_PIC = NO;
				GCC_NO_COMMON_BLOCKS = YES;
				GCC_OPTIMIZATION_LEVEL = 0;
				GCC_PREPROCESSOR_DEFINITIONS = (
					"DEBUG=1",
					"$(inherited)",
				);
				GCC_WARN_64_TO_32_BIT_CONVERSION = YES;
				GCC_WARN_ABOUT_RETURN_TYPE = YES_ERROR;
				GCC_WARN_UNDECLARED_SELECTOR = YES;
				GCC_WARN_UNINITIALIZED_AUTOS = YES_AGGRESSIVE;
				GCC_WARN_UNUSED_FUNCTION = YES;
				GCC_WARN_UNUSED_VARIABLE = YES;
				MTL_ENABLE_DEBUG_INFO = INCLUDE_SOURCE;
				MTL_FAST_MATH = YES;
				ONLY_ACTIVE_ARCH = YES;
				SWIFT_ACTIVE_COMPILATION_CONDITIONS = DEBUG;
				SWIFT_OPTIMIZATION_LEVEL = "-Onone";
			};
			name = Debug;
		};
		9B944857298BEF73005C924A /* Release */ = {
			isa = XCBuildConfiguration;
			buildSettings = {
				ALWAYS_SEARCH_USER_PATHS = NO;
				CLANG_ANALYZER_NONNULL = YES;
				CLANG_ANALYZER_NUMBER_OBJECT_CONVERSION = YES_AGGRESSIVE;
				CLANG_CXX_LANGUAGE_STANDARD = "gnu++20";
				CLANG_ENABLE_MODULES = YES;
				CLANG_ENABLE_OBJC_ARC = YES;
				CLANG_ENABLE_OBJC_WEAK = YES;
				CLANG_WARN_BLOCK_CAPTURE_AUTORELEASING = YES;
				CLANG_WARN_BOOL_CONVERSION = YES;
				CLANG_WARN_COMMA = YES;
				CLANG_WARN_CONSTANT_CONVERSION = YES;
				CLANG_WARN_DEPRECATED_OBJC_IMPLEMENTATIONS = YES;
				CLANG_WARN_DIRECT_OBJC_ISA_USAGE = YES_ERROR;
				CLANG_WARN_DOCUMENTATION_COMMENTS = YES;
				CLANG_WARN_EMPTY_BODY = YES;
				CLANG_WARN_ENUM_CONVERSION = YES;
				CLANG_WARN_INFINITE_RECURSION = YES;
				CLANG_WARN_INT_CONVERSION = YES;
				CLANG_WARN_NON_LITERAL_NULL_CONVERSION = YES;
				CLANG_WARN_OBJC_IMPLICIT_RETAIN_SELF = YES;
				CLANG_WARN_OBJC_LITERAL_CONVERSION = YES;
				CLANG_WARN_OBJC_ROOT_CLASS = YES_ERROR;
				CLANG_WARN_QUOTED_INCLUDE_IN_FRAMEWORK_HEADER = YES;
				CLANG_WARN_RANGE_LOOP_ANALYSIS = YES;
				CLANG_WARN_STRICT_PROTOTYPES = YES;
				CLANG_WARN_SUSPICIOUS_MOVE = YES;
				CLANG_WARN_UNGUARDED_AVAILABILITY = YES_AGGRESSIVE;
				CLANG_WARN_UNREACHABLE_CODE = YES;
				CLANG_WARN__DUPLICATE_METHOD_MATCH = YES;
				COPY_PHASE_STRIP = NO;
				DEBUG_INFORMATION_FORMAT = "dwarf-with-dsym";
				ENABLE_NS_ASSERTIONS = NO;
				ENABLE_STRICT_OBJC_MSGSEND = YES;
				GCC_C_LANGUAGE_STANDARD = gnu11;
				GCC_NO_COMMON_BLOCKS = YES;
				GCC_WARN_64_TO_32_BIT_CONVERSION = YES;
				GCC_WARN_ABOUT_RETURN_TYPE = YES_ERROR;
				GCC_WARN_UNDECLARED_SELECTOR = YES;
				GCC_WARN_UNINITIALIZED_AUTOS = YES_AGGRESSIVE;
				GCC_WARN_UNUSED_FUNCTION = YES;
				GCC_WARN_UNUSED_VARIABLE = YES;
				MTL_ENABLE_DEBUG_INFO = NO;
				MTL_FAST_MATH = YES;
				SWIFT_COMPILATION_MODE = wholemodule;
				SWIFT_OPTIMIZATION_LEVEL = "-O";
			};
			name = Release;
		};
		9B944859298BEF73005C924A /* Debug */ = {
			isa = XCBuildConfiguration;
			buildSettings = {
				ASSETCATALOG_COMPILER_APPICON_NAME = AppIcon;
				ASSETCATALOG_COMPILER_GLOBAL_ACCENT_COLOR_NAME = AccentColor;
				CODE_SIGN_ENTITLEMENTS = DependencyInjectionTest/DependencyInjectionTest.entitlements;
				CODE_SIGN_STYLE = Automatic;
				CURRENT_PROJECT_VERSION = 1;
				DEVELOPMENT_ASSET_PATHS = "\"DependencyInjectionTest/Preview Content\"";
				DEVELOPMENT_TEAM = 7768Y3HUZ6;
				ENABLE_HARDENED_RUNTIME = YES;
				ENABLE_PREVIEWS = YES;
				GENERATE_INFOPLIST_FILE = YES;
				"INFOPLIST_KEY_UIApplicationSceneManifest_Generation[sdk=iphoneos*]" = YES;
				"INFOPLIST_KEY_UIApplicationSceneManifest_Generation[sdk=iphonesimulator*]" = YES;
				"INFOPLIST_KEY_UIApplicationSupportsIndirectInputEvents[sdk=iphoneos*]" = YES;
				"INFOPLIST_KEY_UIApplicationSupportsIndirectInputEvents[sdk=iphonesimulator*]" = YES;
				"INFOPLIST_KEY_UILaunchScreen_Generation[sdk=iphoneos*]" = YES;
				"INFOPLIST_KEY_UILaunchScreen_Generation[sdk=iphonesimulator*]" = YES;
				"INFOPLIST_KEY_UIStatusBarStyle[sdk=iphoneos*]" = UIStatusBarStyleDefault;
				"INFOPLIST_KEY_UIStatusBarStyle[sdk=iphonesimulator*]" = UIStatusBarStyleDefault;
				INFOPLIST_KEY_UISupportedInterfaceOrientations_iPad = "UIInterfaceOrientationPortrait UIInterfaceOrientationPortraitUpsideDown UIInterfaceOrientationLandscapeLeft UIInterfaceOrientationLandscapeRight";
				INFOPLIST_KEY_UISupportedInterfaceOrientations_iPhone = "UIInterfaceOrientationPortrait UIInterfaceOrientationLandscapeLeft UIInterfaceOrientationLandscapeRight";
				IPHONEOS_DEPLOYMENT_TARGET = 16.2;
				LD_RUNPATH_SEARCH_PATHS = "@executable_path/Frameworks";
				"LD_RUNPATH_SEARCH_PATHS[sdk=macosx*]" = "@executable_path/../Frameworks";
				MACOSX_DEPLOYMENT_TARGET = 13.0;
				MARKETING_VERSION = 1.0;
				PRODUCT_BUNDLE_IDENTIFIER = de.heyfrank.DependencyInjectionTest;
				PRODUCT_NAME = "$(TARGET_NAME)";
				SDKROOT = auto;
				SUPPORTED_PLATFORMS = "iphoneos iphonesimulator macosx";
				SWIFT_EMIT_LOC_STRINGS = YES;
				SWIFT_VERSION = 5.0;
				TARGETED_DEVICE_FAMILY = "1,2";
			};
			name = Debug;
		};
		9B94485A298BEF73005C924A /* Release */ = {
			isa = XCBuildConfiguration;
			buildSettings = {
				ASSETCATALOG_COMPILER_APPICON_NAME = AppIcon;
				ASSETCATALOG_COMPILER_GLOBAL_ACCENT_COLOR_NAME = AccentColor;
				CODE_SIGN_ENTITLEMENTS = DependencyInjectionTest/DependencyInjectionTest.entitlements;
				CODE_SIGN_STYLE = Automatic;
				CURRENT_PROJECT_VERSION = 1;
				DEVELOPMENT_ASSET_PATHS = "\"DependencyInjectionTest/Preview Content\"";
				DEVELOPMENT_TEAM = 7768Y3HUZ6;
				ENABLE_HARDENED_RUNTIME = YES;
				ENABLE_PREVIEWS = YES;
				GENERATE_INFOPLIST_FILE = YES;
				"INFOPLIST_KEY_UIApplicationSceneManifest_Generation[sdk=iphoneos*]" = YES;
				"INFOPLIST_KEY_UIApplicationSceneManifest_Generation[sdk=iphonesimulator*]" = YES;
				"INFOPLIST_KEY_UIApplicationSupportsIndirectInputEvents[sdk=iphoneos*]" = YES;
				"INFOPLIST_KEY_UIApplicationSupportsIndirectInputEvents[sdk=iphonesimulator*]" = YES;
				"INFOPLIST_KEY_UILaunchScreen_Generation[sdk=iphoneos*]" = YES;
				"INFOPLIST_KEY_UILaunchScreen_Generation[sdk=iphonesimulator*]" = YES;
				"INFOPLIST_KEY_UIStatusBarStyle[sdk=iphoneos*]" = UIStatusBarStyleDefault;
				"INFOPLIST_KEY_UIStatusBarStyle[sdk=iphonesimulator*]" = UIStatusBarStyleDefault;
				INFOPLIST_KEY_UISupportedInterfaceOrientations_iPad = "UIInterfaceOrientationPortrait UIInterfaceOrientationPortraitUpsideDown UIInterfaceOrientationLandscapeLeft UIInterfaceOrientationLandscapeRight";
				INFOPLIST_KEY_UISupportedInterfaceOrientations_iPhone = "UIInterfaceOrientationPortrait UIInterfaceOrientationLandscapeLeft UIInterfaceOrientationLandscapeRight";
				IPHONEOS_DEPLOYMENT_TARGET = 16.2;
				LD_RUNPATH_SEARCH_PATHS = "@executable_path/Frameworks";
				"LD_RUNPATH_SEARCH_PATHS[sdk=macosx*]" = "@executable_path/../Frameworks";
				MACOSX_DEPLOYMENT_TARGET = 13.0;
				MARKETING_VERSION = 1.0;
				PRODUCT_BUNDLE_IDENTIFIER = de.heyfrank.DependencyInjectionTest;
				PRODUCT_NAME = "$(TARGET_NAME)";
				SDKROOT = auto;
				SUPPORTED_PLATFORMS = "iphoneos iphonesimulator macosx";
				SWIFT_EMIT_LOC_STRINGS = YES;
				SWIFT_VERSION = 5.0;
				TARGETED_DEVICE_FAMILY = "1,2";
			};
			name = Release;
		};
		9B94485C298BEF73005C924A /* Debug */ = {
			isa = XCBuildConfiguration;
			buildSettings = {
				ALWAYS_EMBED_SWIFT_STANDARD_LIBRARIES = YES;
				BUNDLE_LOADER = "$(TEST_HOST)";
				CODE_SIGN_STYLE = Automatic;
				CURRENT_PROJECT_VERSION = 1;
				DEVELOPMENT_TEAM = 7768Y3HUZ6;
				GENERATE_INFOPLIST_FILE = YES;
				IPHONEOS_DEPLOYMENT_TARGET = 16.2;
				MACOSX_DEPLOYMENT_TARGET = 13.0;
				MARKETING_VERSION = 1.0;
				PRODUCT_BUNDLE_IDENTIFIER = de.heyfrank.DependencyInjectionTestTests;
				PRODUCT_NAME = "$(TARGET_NAME)";
				SDKROOT = auto;
				SUPPORTED_PLATFORMS = "iphoneos iphonesimulator macosx";
				SWIFT_EMIT_LOC_STRINGS = NO;
				SWIFT_VERSION = 5.0;
				TARGETED_DEVICE_FAMILY = "1,2";
				TEST_HOST = "$(BUILT_PRODUCTS_DIR)/DependencyInjectionTest.app/$(BUNDLE_EXECUTABLE_FOLDER_PATH)/DependencyInjectionTest";
			};
			name = Debug;
		};
		9B94485D298BEF73005C924A /* Release */ = {
			isa = XCBuildConfiguration;
			buildSettings = {
				ALWAYS_EMBED_SWIFT_STANDARD_LIBRARIES = YES;
				BUNDLE_LOADER = "$(TEST_HOST)";
				CODE_SIGN_STYLE = Automatic;
				CURRENT_PROJECT_VERSION = 1;
				DEVELOPMENT_TEAM = 7768Y3HUZ6;
				GENERATE_INFOPLIST_FILE = YES;
				IPHONEOS_DEPLOYMENT_TARGET = 16.2;
				MACOSX_DEPLOYMENT_TARGET = 13.0;
				MARKETING_VERSION = 1.0;
				PRODUCT_BUNDLE_IDENTIFIER = de.heyfrank.DependencyInjectionTestTests;
				PRODUCT_NAME = "$(TARGET_NAME)";
				SDKROOT = auto;
				SUPPORTED_PLATFORMS = "iphoneos iphonesimulator macosx";
				SWIFT_EMIT_LOC_STRINGS = NO;
				SWIFT_VERSION = 5.0;
				TARGETED_DEVICE_FAMILY = "1,2";
				TEST_HOST = "$(BUILT_PRODUCTS_DIR)/DependencyInjectionTest.app/$(BUNDLE_EXECUTABLE_FOLDER_PATH)/DependencyInjectionTest";
			};
			name = Release;
		};
		9B94485F298BEF73005C924A /* Debug */ = {
			isa = XCBuildConfiguration;
			buildSettings = {
				ALWAYS_EMBED_SWIFT_STANDARD_LIBRARIES = YES;
				CODE_SIGN_STYLE = Automatic;
				CURRENT_PROJECT_VERSION = 1;
				DEVELOPMENT_TEAM = 7768Y3HUZ6;
				GENERATE_INFOPLIST_FILE = YES;
				IPHONEOS_DEPLOYMENT_TARGET = 16.2;
				MACOSX_DEPLOYMENT_TARGET = 13.0;
				MARKETING_VERSION = 1.0;
				PRODUCT_BUNDLE_IDENTIFIER = de.heyfrank.DependencyInjectionTestUITests;
				PRODUCT_NAME = "$(TARGET_NAME)";
				SDKROOT = auto;
				SUPPORTED_PLATFORMS = "iphoneos iphonesimulator macosx";
				SWIFT_EMIT_LOC_STRINGS = NO;
				SWIFT_VERSION = 5.0;
				TARGETED_DEVICE_FAMILY = "1,2";
				TEST_TARGET_NAME = DependencyInjectionTest;
			};
			name = Debug;
		};
		9B944860298BEF73005C924A /* Release */ = {
			isa = XCBuildConfiguration;
			buildSettings = {
				ALWAYS_EMBED_SWIFT_STANDARD_LIBRARIES = YES;
				CODE_SIGN_STYLE = Automatic;
				CURRENT_PROJECT_VERSION = 1;
				DEVELOPMENT_TEAM = 7768Y3HUZ6;
				GENERATE_INFOPLIST_FILE = YES;
				IPHONEOS_DEPLOYMENT_TARGET = 16.2;
				MACOSX_DEPLOYMENT_TARGET = 13.0;
				MARKETING_VERSION = 1.0;
				PRODUCT_BUNDLE_IDENTIFIER = de.heyfrank.DependencyInjectionTestUITests;
				PRODUCT_NAME = "$(TARGET_NAME)";
				SDKROOT = auto;
				SUPPORTED_PLATFORMS = "iphoneos iphonesimulator macosx";
				SWIFT_EMIT_LOC_STRINGS = NO;
				SWIFT_VERSION = 5.0;
				TARGETED_DEVICE_FAMILY = "1,2";
				TEST_TARGET_NAME = DependencyInjectionTest;
			};
			name = Release;
		};
/* End XCBuildConfiguration section */

/* Begin XCConfigurationList section */
		9B94482E298BEF72005C924A /* Build configuration list for PBXProject "DependencyInjectionTest" */ = {
			isa = XCConfigurationList;
			buildConfigurations = (
				9B944856298BEF73005C924A /* Debug */,
				9B944857298BEF73005C924A /* Release */,
			);
			defaultConfigurationIsVisible = 0;
			defaultConfigurationName = Release;
		};
		9B944858298BEF73005C924A /* Build configuration list for PBXNativeTarget "DependencyInjectionTest" */ = {
			isa = XCConfigurationList;
			buildConfigurations = (
				9B944859298BEF73005C924A /* Debug */,
				9B94485A298BEF73005C924A /* Release */,
			);
			defaultConfigurationIsVisible = 0;
			defaultConfigurationName = Release;
		};
		9B94485B298BEF73005C924A /* Build configuration list for PBXNativeTarget "DependencyInjectionTestTests" */ = {
			isa = XCConfigurationList;
			buildConfigurations = (
				9B94485C298BEF73005C924A /* Debug */,
				9B94485D298BEF73005C924A /* Release */,
			);
			defaultConfigurationIsVisible = 0;
			defaultConfigurationName = Release;
		};
		9B94485E298BEF73005C924A /* Build configuration list for PBXNativeTarget "DependencyInjectionTestUITests" */ = {
			isa = XCConfigurationList;
			buildConfigurations = (
				9B94485F298BEF73005C924A /* Debug */,
				9B944860298BEF73005C924A /* Release */,
			);
			defaultConfigurationIsVisible = 0;
			defaultConfigurationName = Release;
		};
/* End XCConfigurationList section */
	};
	rootObject = 9B94482B298BEF72005C924A /* Project object */;
}
