// !$*UTF8*$!
{
	archiveVersion = 1;
	classes = {
	};
	objectVersion = 56;
	objects = {

/* Begin PBXBuildFile section */
		9B944837298BEF72005C924A /* DependencyInjectionExampleApp.swift in Sources */ = {isa = PBXBuildFile; fileRef = 9B944836298BEF72005C924A /* DependencyInjectionExampleApp.swift */; };
		9B944849298BEF73005C924A /* AServiceTests.swift in Sources */ = {isa = PBXBuildFile; fileRef = 9B944848298BEF73005C924A /* AServiceTests.swift */; };
		9B944863298BF032005C924A /* AService.swift in Sources */ = {isa = PBXBuildFile; fileRef = 9B944862298BF032005C924A /* AService.swift */; };
		9B944865298BF056005C924A /* AServiceProtocol.swift in Sources */ = {isa = PBXBuildFile; fileRef = 9B944864298BF056005C924A /* AServiceProtocol.swift */; };
		9B944868298BF068005C924A /* BServiceMock.swift in Sources */ = {isa = PBXBuildFile; fileRef = 9B944867298BF068005C924A /* BServiceMock.swift */; };
		9B94486A298BF0E6005C924A /* BService.swift in Sources */ = {isa = PBXBuildFile; fileRef = 9B944869298BF0E6005C924A /* BService.swift */; };
		9B94486C298BF0EC005C924A /* BServiceProtocol.swift in Sources */ = {isa = PBXBuildFile; fileRef = 9B94486B298BF0EC005C924A /* BServiceProtocol.swift */; };
		9BDFC382298BF84C001B2817 /* BServiceTests.swift in Sources */ = {isa = PBXBuildFile; fileRef = 9BDFC381298BF84C001B2817 /* BServiceTests.swift */; };
/* End PBXBuildFile section */

/* Begin PBXContainerItemProxy section */
		9B944845298BEF73005C924A /* PBXContainerItemProxy */ = {
			isa = PBXContainerItemProxy;
			containerPortal = 9B94482B298BEF72005C924A /* Project object */;
			proxyType = 1;
			remoteGlobalIDString = 9B944832298BEF72005C924A;
			remoteInfo = DependencyInjectionExample;
		};
/* End PBXContainerItemProxy section */

/* Begin PBXFileReference section */
		9B944833298BEF72005C924A /* DependencyInjectionExample.app */ = {isa = PBXFileReference; explicitFileType = wrapper.application; includeInIndex = 0; path = DependencyInjectionExample.app; sourceTree = BUILT_PRODUCTS_DIR; };
		9B944836298BEF72005C924A /* DependencyInjectionExampleApp.swift */ = {isa = PBXFileReference; lastKnownFileType = sourcecode.swift; path = DependencyInjectionExampleApp.swift; sourceTree = "<group>"; };
		9B94483C298BEF73005C924A /* DependencyInjectionExample.entitlements */ = {isa = PBXFileReference; lastKnownFileType = text.plist.entitlements; path = DependencyInjectionExample.entitlements; sourceTree = "<group>"; };
		9B944844298BEF73005C924A /* DependencyInjectionExampleTests.xctest */ = {isa = PBXFileReference; explicitFileType = wrapper.cfbundle; includeInIndex = 0; path = DependencyInjectionExampleTests.xctest; sourceTree = BUILT_PRODUCTS_DIR; };
		9B944848298BEF73005C924A /* AServiceTests.swift */ = {isa = PBXFileReference; lastKnownFileType = sourcecode.swift; path = AServiceTests.swift; sourceTree = "<group>"; };
		9B944862298BF032005C924A /* AService.swift */ = {isa = PBXFileReference; lastKnownFileType = sourcecode.swift; path = AService.swift; sourceTree = "<group>"; };
		9B944864298BF056005C924A /* AServiceProtocol.swift */ = {isa = PBXFileReference; lastKnownFileType = sourcecode.swift; path = AServiceProtocol.swift; sourceTree = "<group>"; };
		9B944867298BF068005C924A /* BServiceMock.swift */ = {isa = PBXFileReference; lastKnownFileType = sourcecode.swift; path = BServiceMock.swift; sourceTree = "<group>"; };
		9B944869298BF0E6005C924A /* BService.swift */ = {isa = PBXFileReference; lastKnownFileType = sourcecode.swift; path = BService.swift; sourceTree = "<group>"; };
		9B94486B298BF0EC005C924A /* BServiceProtocol.swift */ = {isa = PBXFileReference; lastKnownFileType = sourcecode.swift; path = BServiceProtocol.swift; sourceTree = "<group>"; };
		9BDFC381298BF84C001B2817 /* BServiceTests.swift */ = {isa = PBXFileReference; lastKnownFileType = sourcecode.swift; path = BServiceTests.swift; sourceTree = "<group>"; };
/* End PBXFileReference section */

/* Begin PBXFrameworksBuildPhase section */
		9B944830298BEF72005C924A /* Frameworks */ = {
			isa = PBXFrameworksBuildPhase;
			buildActionMask = 2147483647;
			files = (
			);
			runOnlyForDeploymentPostprocessing = 0;
		};
		9B944841298BEF73005C924A /* Frameworks */ = {
			isa = PBXFrameworksBuildPhase;
			buildActionMask = 2147483647;
			files = (
			);
			runOnlyForDeploymentPostprocessing = 0;
		};
/* End PBXFrameworksBuildPhase section */

/* Begin PBXGroup section */
		9B94482A298BEF72005C924A = {
			isa = PBXGroup;
			children = (
				9B944835298BEF72005C924A /* DependencyInjectionExample */,
				9B944847298BEF73005C924A /* DependencyInjectionExampleTests */,
				9B944834298BEF72005C924A /* Products */,
			);
			sourceTree = "<group>";
		};
		9B944834298BEF72005C924A /* Products */ = {
			isa = PBXGroup;
			children = (
				9B944833298BEF72005C924A /* DependencyInjectionExample.app */,
				9B944844298BEF73005C924A /* DependencyInjectionExampleTests.xctest */,
			);
			name = Products;
			sourceTree = "<group>";
		};
		9B944835298BEF72005C924A /* DependencyInjectionExample */ = {
			isa = PBXGroup;
			children = (
				9B944861298BF020005C924A /* Services */,
				9B944836298BEF72005C924A /* DependencyInjectionExampleApp.swift */,
				9B94483C298BEF73005C924A /* DependencyInjectionExample.entitlements */,
			);
			path = DependencyInjectionExample;
			sourceTree = "<group>";
		};
		9B944847298BEF73005C924A /* DependencyInjectionExampleTests */ = {
			isa = PBXGroup;
			children = (
				9B944866298BF05E005C924A /* Mocks */,
				9B944848298BEF73005C924A /* AServiceTests.swift */,
				9BDFC381298BF84C001B2817 /* BServiceTests.swift */,
			);
			path = DependencyInjectionExampleTests;
			sourceTree = "<group>";
		};
		9B944861298BF020005C924A /* Services */ = {
			isa = PBXGroup;
			children = (
				9B944862298BF032005C924A /* AService.swift */,
				9B944864298BF056005C924A /* AServiceProtocol.swift */,
				9B944869298BF0E6005C924A /* BService.swift */,
				9B94486B298BF0EC005C924A /* BServiceProtocol.swift */,
			);
			path = Services;
			sourceTree = "<group>";
		};
		9B944866298BF05E005C924A /* Mocks */ = {
			isa = PBXGroup;
			children = (
				9B944867298BF068005C924A /* BServiceMock.swift */,
			);
			path = Mocks;
			sourceTree = "<group>";
		};
/* End PBXGroup section */

/* Begin PBXNativeTarget section */
		9B944832298BEF72005C924A /* DependencyInjectionExample */ = {
			isa = PBXNativeTarget;
			buildConfigurationList = 9B944858298BEF73005C924A /* Build configuration list for PBXNativeTarget "DependencyInjectionExample" */;
			buildPhases = (
				9B94482F298BEF72005C924A /* Sources */,
				9B944830298BEF72005C924A /* Frameworks */,
				9B944831298BEF72005C924A /* Resources */,
			);
			buildRules = (
			);
			dependencies = (
			);
			name = DependencyInjectionExample;
			productName = DependencyInjectionExample;
			productReference = 9B944833298BEF72005C924A /* DependencyInjectionExample.app */;
			productType = "com.apple.product-type.application";
		};
		9B944843298BEF73005C924A /* DependencyInjectionExampleTests */ = {
			isa = PBXNativeTarget;
			buildConfigurationList = 9B94485B298BEF73005C924A /* Build configuration list for PBXNativeTarget "DependencyInjectionExampleTests" */;
			buildPhases = (
				9B944840298BEF73005C924A /* Sources */,
				9B944841298BEF73005C924A /* Frameworks */,
				9B944842298BEF73005C924A /* Resources */,
			);
			buildRules = (
			);
			dependencies = (
				9B944846298BEF73005C924A /* PBXTargetDependency */,
			);
			name = DependencyInjectionExampleTests;
			productName = DependencyInjectionExampleTests;
			productReference = 9B944844298BEF73005C924A /* DependencyInjectionExampleTests.xctest */;
			productType = "com.apple.product-type.bundle.unit-test";
		};
/* End PBXNativeTarget section */

/* Begin PBXProject section */
		9B94482B298BEF72005C924A /* Project object */ = {
			isa = PBXProject;
			attributes = {
				BuildIndependentTargetsInParallel = 1;
				LastSwiftUpdateCheck = 1420;
				LastUpgradeCheck = 1420;
				TargetAttributes = {
					9B944832298BEF72005C924A = {
						CreatedOnToolsVersion = 14.2;
					};
					9B944843298BEF73005C924A = {
						CreatedOnToolsVersion = 14.2;
						TestTargetID = 9B944832298BEF72005C924A;
					};
				};
			};
			buildConfigurationList = 9B94482E298BEF72005C924A /* Build configuration list for PBXProject "DependencyInjectionExample" */;
			compatibilityVersion = "Xcode 14.0";
			developmentRegion = en;
			hasScannedForEncodings = 0;
			knownRegions = (
				en,
				Base,
			);
			mainGroup = 9B94482A298BEF72005C924A;
			productRefGroup = 9B944834298BEF72005C924A /* Products */;
			projectDirPath = "";
			projectRoot = "";
			targets = (
				9B944832298BEF72005C924A /* DependencyInjectionExample */,
				9B944843298BEF73005C924A /* DependencyInjectionExampleTests */,
			);
		};
/* End PBXProject section */

/* Begin PBXResourcesBuildPhase section */
		9B944831298BEF72005C924A /* Resources */ = {
			isa = PBXResourcesBuildPhase;
			buildActionMask = 2147483647;
			files = (
			);
			runOnlyForDeploymentPostprocessing = 0;
		};
		9B944842298BEF73005C924A /* Resources */ = {
			isa = PBXResourcesBuildPhase;
			buildActionMask = 2147483647;
			files = (
			);
			runOnlyForDeploymentPostprocessing = 0;
		};
/* End PBXResourcesBuildPhase section */

/* Begin PBXSourcesBuildPhase section */
		9B94482F298BEF72005C924A /* Sources */ = {
			isa = PBXSourcesBuildPhase;
			buildActionMask = 2147483647;
			files = (
				9B94486A298BF0E6005C924A /* BService.swift in Sources */,
				9B944865298BF056005C924A /* AServiceProtocol.swift in Sources */,
				9B944837298BEF72005C924A /* DependencyInjectionExampleApp.swift in Sources */,
				9B94486C298BF0EC005C924A /* BServiceProtocol.swift in Sources */,
				9B944863298BF032005C924A /* AService.swift in Sources */,
			);
			runOnlyForDeploymentPostprocessing = 0;
		};
		9B944840298BEF73005C924A /* Sources */ = {
			isa = PBXSourcesBuildPhase;
			buildActionMask = 2147483647;
			files = (
				9B944849298BEF73005C924A /* AServiceTests.swift in Sources */,
				9BDFC382298BF84C001B2817 /* BServiceTests.swift in Sources */,
				9B944868298BF068005C924A /* BServiceMock.swift in Sources */,
			);
			runOnlyForDeploymentPostprocessing = 0;
		};
/* End PBXSourcesBuildPhase section */

/* Begin PBXTargetDependency section */
		9B944846298BEF73005C924A /* PBXTargetDependency */ = {
			isa = PBXTargetDependency;
			target = 9B944832298BEF72005C924A /* DependencyInjectionExample */;
			targetProxy = 9B944845298BEF73005C924A /* PBXContainerItemProxy */;
		};
/* End PBXTargetDependency section */

/* Begin XCBuildConfiguration section */
		9B944856298BEF73005C924A /* Debug */ = {
			isa = XCBuildConfiguration;
			buildSettings = {
				ALWAYS_SEARCH_USER_PATHS = NO;
				CLANG_ANALYZER_NONNULL = YES;
				CLANG_ANALYZER_NUMBER_OBJECT_CONVERSION = YES_AGGRESSIVE;
				CLANG_CXX_LANGUAGE_STANDARD = "gnu++20";
				CLANG_ENABLE_MODULES = YES;
				CLANG_ENABLE_OBJC_ARC = YES;
				CLANG_ENABLE_OBJC_WEAK = YES;
				CLANG_WARN_BLOCK_CAPTURE_AUTORELEASING = YES;
				CLANG_WARN_BOOL_CONVERSION = YES;
				CLANG_WARN_COMMA = YES;
				CLANG_WARN_CONSTANT_CONVERSION = YES;
				CLANG_WARN_DEPRECATED_OBJC_IMPLEMENTATIONS = YES;
				CLANG_WARN_DIRECT_OBJC_ISA_USAGE = YES_ERROR;
				CLANG_WARN_DOCUMENTATION_COMMENTS = YES;
				CLANG_WARN_EMPTY_BODY = YES;
				CLANG_WARN_ENUM_CONVERSION = YES;
				CLANG_WARN_INFINITE_RECURSION = YES;
				CLANG_WARN_INT_CONVERSION = YES;
				CLANG_WARN_NON_LITERAL_NULL_CONVERSION = YES;
				CLANG_WARN_OBJC_IMPLICIT_RETAIN_SELF = YES;
				CLANG_WARN_OBJC_LITERAL_CONVERSION = YES;
				CLANG_WARN_OBJC_ROOT_CLASS = YES_ERROR;
				CLANG_WARN_QUOTED_INCLUDE_IN_FRAMEWORK_HEADER = YES;
				CLANG_WARN_RANGE_LOOP_ANALYSIS = YES;
				CLANG_WARN_STRICT_PROTOTYPES = YES;
				CLANG_WARN_SUSPICIOUS_MOVE = YES;
				CLANG_WARN_UNGUARDED_AVAILABILITY = YES_AGGRESSIVE;
				CLANG_WARN_UNREACHABLE_CODE = YES;
				CLANG_WARN__DUPLICATE_METHOD_MATCH = YES;
				COPY_PHASE_STRIP = NO;
				DEBUG_INFORMATION_FORMAT = dwarf;
				ENABLE_STRICT_OBJC_MSGSEND = YES;
				ENABLE_TESTABILITY = YES;
				GCC_C_LANGUAGE_STANDARD = gnu11;
				GCC_DYNAMIC_NO_PIC = NO;
				GCC_NO_COMMON_BLOCKS = YES;
				GCC_OPTIMIZATION_LEVEL = 0;
				GCC_PREPROCESSOR_DEFINITIONS = (
					"DEBUG=1",
					"$(inherited)",
				);
				GCC_WARN_64_TO_32_BIT_CONVERSION = YES;
				GCC_WARN_ABOUT_RETURN_TYPE = YES_ERROR;
				GCC_WARN_UNDECLARED_SELECTOR = YES;
				GCC_WARN_UNINITIALIZED_AUTOS = YES_AGGRESSIVE;
				GCC_WARN_UNUSED_FUNCTION = YES;
				GCC_WARN_UNUSED_VARIABLE = YES;
				MTL_ENABLE_DEBUG_INFO = INCLUDE_SOURCE;
				MTL_FAST_MATH = YES;
				ONLY_ACTIVE_ARCH = YES;
				SWIFT_ACTIVE_COMPILATION_CONDITIONS = DEBUG;
				SWIFT_OPTIMIZATION_LEVEL = "-Onone";
			};
			name = Debug;
		};
		9B944857298BEF73005C924A /* Release */ = {
			isa = XCBuildConfiguration;
			buildSettings = {
				ALWAYS_SEARCH_USER_PATHS = NO;
				CLANG_ANALYZER_NONNULL = YES;
				CLANG_ANALYZER_NUMBER_OBJECT_CONVERSION = YES_AGGRESSIVE;
				CLANG_CXX_LANGUAGE_STANDARD = "gnu++20";
				CLANG_ENABLE_MODULES = YES;
				CLANG_ENABLE_OBJC_ARC = YES;
				CLANG_ENABLE_OBJC_WEAK = YES;
				CLANG_WARN_BLOCK_CAPTURE_AUTORELEASING = YES;
				CLANG_WARN_BOOL_CONVERSION = YES;
				CLANG_WARN_COMMA = YES;
				CLANG_WARN_CONSTANT_CONVERSION = YES;
				CLANG_WARN_DEPRECATED_OBJC_IMPLEMENTATIONS = YES;
				CLANG_WARN_DIRECT_OBJC_ISA_USAGE = YES_ERROR;
				CLANG_WARN_DOCUMENTATION_COMMENTS = YES;
				CLANG_WARN_EMPTY_BODY = YES;
				CLANG_WARN_ENUM_CONVERSION = YES;
				CLANG_WARN_INFINITE_RECURSION = YES;
				CLANG_WARN_INT_CONVERSION = YES;
				CLANG_WARN_NON_LITERAL_NULL_CONVERSION = YES;
				CLANG_WARN_OBJC_IMPLICIT_RETAIN_SELF = YES;
				CLANG_WARN_OBJC_LITERAL_CONVERSION = YES;
				CLANG_WARN_OBJC_ROOT_CLASS = YES_ERROR;
				CLANG_WARN_QUOTED_INCLUDE_IN_FRAMEWORK_HEADER = YES;
				CLANG_WARN_RANGE_LOOP_ANALYSIS = YES;
				CLANG_WARN_STRICT_PROTOTYPES = YES;
				CLANG_WARN_SUSPICIOUS_MOVE = YES;
				CLANG_WARN_UNGUARDED_AVAILABILITY = YES_AGGRESSIVE;
				CLANG_WARN_UNREACHABLE_CODE = YES;
				CLANG_WARN__DUPLICATE_METHOD_MATCH = YES;
				COPY_PHASE_STRIP = NO;
				DEBUG_INFORMATION_FORMAT = "dwarf-with-dsym";
				ENABLE_NS_ASSERTIONS = NO;
				ENABLE_STRICT_OBJC_MSGSEND = YES;
				GCC_C_LANGUAGE_STANDARD = gnu11;
				GCC_NO_COMMON_BLOCKS = YES;
				GCC_WARN_64_TO_32_BIT_CONVERSION = YES;
				GCC_WARN_ABOUT_RETURN_TYPE = YES_ERROR;
				GCC_WARN_UNDECLARED_SELECTOR = YES;
				GCC_WARN_UNINITIALIZED_AUTOS = YES_AGGRESSIVE;
				GCC_WARN_UNUSED_FUNCTION = YES;
				GCC_WARN_UNUSED_VARIABLE = YES;
				MTL_ENABLE_DEBUG_INFO = NO;
				MTL_FAST_MATH = YES;
				SWIFT_COMPILATION_MODE = wholemodule;
				SWIFT_OPTIMIZATION_LEVEL = "-O";
			};
			name = Release;
		};
		9B944859298BEF73005C924A /* Debug */ = {
			isa = XCBuildConfiguration;
			buildSettings = {
				ASSETCATALOG_COMPILER_GLOBAL_ACCENT_COLOR_NAME = AccentColor;
				CODE_SIGN_ENTITLEMENTS = DependencyInjectionExample/DependencyInjectionExample.entitlements;
				CODE_SIGN_STYLE = Automatic;
				CURRENT_PROJECT_VERSION = 1;
				DEVELOPMENT_TEAM = 7768Y3HUZ6;
				ENABLE_HARDENED_RUNTIME = YES;
				ENABLE_PREVIEWS = YES;
				GENERATE_INFOPLIST_FILE = YES;
				"INFOPLIST_KEY_UIApplicationSceneManifest_Generation[sdk=iphoneos*]" = YES;
				"INFOPLIST_KEY_UIApplicationSceneManifest_Generation[sdk=iphonesimulator*]" = YES;
				"INFOPLIST_KEY_UIApplicationSupportsIndirectInputEvents[sdk=iphoneos*]" = YES;
				"INFOPLIST_KEY_UIApplicationSupportsIndirectInputEvents[sdk=iphonesimulator*]" = YES;
				"INFOPLIST_KEY_UILaunchScreen_Generation[sdk=iphoneos*]" = YES;
				"INFOPLIST_KEY_UILaunchScreen_Generation[sdk=iphonesimulator*]" = YES;
				"INFOPLIST_KEY_UIStatusBarStyle[sdk=iphoneos*]" = UIStatusBarStyleDefault;
				"INFOPLIST_KEY_UIStatusBarStyle[sdk=iphonesimulator*]" = UIStatusBarStyleDefault;
				INFOPLIST_KEY_UISupportedInterfaceOrientations_iPad = "UIInterfaceOrientationPortrait UIInterfaceOrientationPortraitUpsideDown UIInterfaceOrientationLandscapeLeft UIInterfaceOrientationLandscapeRight";
				INFOPLIST_KEY_UISupportedInterfaceOrientations_iPhone = "UIInterfaceOrientationPortrait UIInterfaceOrientationLandscapeLeft UIInterfaceOrientationLandscapeRight";
				IPHONEOS_DEPLOYMENT_TARGET = 16.2;
				LD_RUNPATH_SEARCH_PATHS = "@executable_path/Frameworks";
				"LD_RUNPATH_SEARCH_PATHS[sdk=macosx*]" = "@executable_path/../Frameworks";
				MACOSX_DEPLOYMENT_TARGET = 13.0;
				MARKETING_VERSION = 1.0;
				PRODUCT_BUNDLE_IDENTIFIER = de.heyfrank.DependencyInjectionExample;
				PRODUCT_NAME = "$(TARGET_NAME)";
				SDKROOT = auto;
				SUPPORTED_PLATFORMS = "iphoneos iphonesimulator";
				SUPPORTS_MACCATALYST = NO;
				SUPPORTS_MAC_DESIGNED_FOR_IPHONE_IPAD = NO;
				SWIFT_EMIT_LOC_STRINGS = YES;
				SWIFT_VERSION = 5.0;
				TARGETED_DEVICE_FAMILY = "1,2";
			};
			name = Debug;
		};
		9B94485A298BEF73005C924A /* Release */ = {
			isa = XCBuildConfiguration;
			buildSettings = {
				ASSETCATALOG_COMPILER_GLOBAL_ACCENT_COLOR_NAME = AccentColor;
				CODE_SIGN_ENTITLEMENTS = DependencyInjectionExample/DependencyInjectionExample.entitlements;
				CODE_SIGN_STYLE = Automatic;
				CURRENT_PROJECT_VERSION = 1;
				DEVELOPMENT_TEAM = 7768Y3HUZ6;
				ENABLE_HARDENED_RUNTIME = YES;
				ENABLE_PREVIEWS = YES;
				GENERATE_INFOPLIST_FILE = YES;
				"INFOPLIST_KEY_UIApplicationSceneManifest_Generation[sdk=iphoneos*]" = YES;
				"INFOPLIST_KEY_UIApplicationSceneManifest_Generation[sdk=iphonesimulator*]" = YES;
				"INFOPLIST_KEY_UIApplicationSupportsIndirectInputEvents[sdk=iphoneos*]" = YES;
				"INFOPLIST_KEY_UIApplicationSupportsIndirectInputEvents[sdk=iphonesimulator*]" = YES;
				"INFOPLIST_KEY_UILaunchScreen_Generation[sdk=iphoneos*]" = YES;
				"INFOPLIST_KEY_UILaunchScreen_Generation[sdk=iphonesimulator*]" = YES;
				"INFOPLIST_KEY_UIStatusBarStyle[sdk=iphoneos*]" = UIStatusBarStyleDefault;
				"INFOPLIST_KEY_UIStatusBarStyle[sdk=iphonesimulator*]" = UIStatusBarStyleDefault;
				INFOPLIST_KEY_UISupportedInterfaceOrientations_iPad = "UIInterfaceOrientationPortrait UIInterfaceOrientationPortraitUpsideDown UIInterfaceOrientationLandscapeLeft UIInterfaceOrientationLandscapeRight";
				INFOPLIST_KEY_UISupportedInterfaceOrientations_iPhone = "UIInterfaceOrientationPortrait UIInterfaceOrientationLandscapeLeft UIInterfaceOrientationLandscapeRight";
				IPHONEOS_DEPLOYMENT_TARGET = 16.2;
				LD_RUNPATH_SEARCH_PATHS = "@executable_path/Frameworks";
				"LD_RUNPATH_SEARCH_PATHS[sdk=macosx*]" = "@executable_path/../Frameworks";
				MACOSX_DEPLOYMENT_TARGET = 13.0;
				MARKETING_VERSION = 1.0;
				PRODUCT_BUNDLE_IDENTIFIER = de.heyfrank.DependencyInjectionExample;
				PRODUCT_NAME = "$(TARGET_NAME)";
				SDKROOT = auto;
				SUPPORTED_PLATFORMS = "iphoneos iphonesimulator";
				SUPPORTS_MACCATALYST = NO;
				SUPPORTS_MAC_DESIGNED_FOR_IPHONE_IPAD = NO;
				SWIFT_EMIT_LOC_STRINGS = YES;
				SWIFT_VERSION = 5.0;
				TARGETED_DEVICE_FAMILY = "1,2";
			};
			name = Release;
		};
		9B94485C298BEF73005C924A /* Debug */ = {
			isa = XCBuildConfiguration;
			buildSettings = {
				ALWAYS_EMBED_SWIFT_STANDARD_LIBRARIES = YES;
				BUNDLE_LOADER = "$(TEST_HOST)";
				CODE_SIGN_STYLE = Automatic;
				CURRENT_PROJECT_VERSION = 1;
				DEVELOPMENT_TEAM = 7768Y3HUZ6;
				GENERATE_INFOPLIST_FILE = YES;
				IPHONEOS_DEPLOYMENT_TARGET = 16.2;
				MACOSX_DEPLOYMENT_TARGET = 13.0;
				MARKETING_VERSION = 1.0;
				PRODUCT_BUNDLE_IDENTIFIER = de.heyfrank.DependencyInjectionExampleTests;
				PRODUCT_NAME = "$(TARGET_NAME)";
				SDKROOT = auto;
				SUPPORTED_PLATFORMS = "iphoneos iphonesimulator macosx";
				SWIFT_EMIT_LOC_STRINGS = NO;
				SWIFT_VERSION = 5.0;
				TARGETED_DEVICE_FAMILY = "1,2";
				TEST_HOST = "$(BUILT_PRODUCTS_DIR)/DependencyInjectionExample.app/$(BUNDLE_EXECUTABLE_FOLDER_PATH)/DependencyInjectionExample";
			};
			name = Debug;
		};
		9B94485D298BEF73005C924A /* Release */ = {
			isa = XCBuildConfiguration;
			buildSettings = {
				ALWAYS_EMBED_SWIFT_STANDARD_LIBRARIES = YES;
				BUNDLE_LOADER = "$(TEST_HOST)";
				CODE_SIGN_STYLE = Automatic;
				CURRENT_PROJECT_VERSION = 1;
				DEVELOPMENT_TEAM = 7768Y3HUZ6;
				GENERATE_INFOPLIST_FILE = YES;
				IPHONEOS_DEPLOYMENT_TARGET = 16.2;
				MACOSX_DEPLOYMENT_TARGET = 13.0;
				MARKETING_VERSION = 1.0;
				PRODUCT_BUNDLE_IDENTIFIER = de.heyfrank.DependencyInjectionExampleTests;
				PRODUCT_NAME = "$(TARGET_NAME)";
				SDKROOT = auto;
				SUPPORTED_PLATFORMS = "iphoneos iphonesimulator macosx";
				SWIFT_EMIT_LOC_STRINGS = NO;
				SWIFT_VERSION = 5.0;
				TARGETED_DEVICE_FAMILY = "1,2";
				TEST_HOST = "$(BUILT_PRODUCTS_DIR)/DependencyInjectionExample.app/$(BUNDLE_EXECUTABLE_FOLDER_PATH)/DependencyInjectionExample";
			};
			name = Release;
		};
/* End XCBuildConfiguration section */

/* Begin XCConfigurationList section */
		9B94482E298BEF72005C924A /* Build configuration list for PBXProject "DependencyInjectionExample" */ = {
			isa = XCConfigurationList;
			buildConfigurations = (
				9B944856298BEF73005C924A /* Debug */,
				9B944857298BEF73005C924A /* Release */,
			);
			defaultConfigurationIsVisible = 0;
			defaultConfigurationName = Release;
		};
		9B944858298BEF73005C924A /* Build configuration list for PBXNativeTarget "DependencyInjectionExample" */ = {
			isa = XCConfigurationList;
			buildConfigurations = (
				9B944859298BEF73005C924A /* Debug */,
				9B94485A298BEF73005C924A /* Release */,
			);
			defaultConfigurationIsVisible = 0;
			defaultConfigurationName = Release;
		};
		9B94485B298BEF73005C924A /* Build configuration list for PBXNativeTarget "DependencyInjectionExampleTests" */ = {
			isa = XCConfigurationList;
			buildConfigurations = (
				9B94485C298BEF73005C924A /* Debug */,
				9B94485D298BEF73005C924A /* Release */,
			);
			defaultConfigurationIsVisible = 0;
			defaultConfigurationName = Release;
		};
/* End XCConfigurationList section */
	};
	rootObject = 9B94482B298BEF72005C924A /* Project object */;
}
